
Microsoft Visual Studio Solution File, Format Version 12.00
# Visual Studio Version 17
VisualStudioVersion = 17.5.33627.172
MinimumVisualStudioVersion = 10.0.40219.1
Project("{9A19103F-16F7-4668-BE54-9A1E7A4F7556}") = "GeometricFiguresCalculator", "GeometricFiguresCalculator\GeometricFiguresCalculator.csproj", "{144ECA60-029E-45EC-BCEF-26CE155AF2EE}"
EndProject
Project("{9A19103F-16F7-4668-BE54-9A1E7A4F7556}") = "GeometricFiguresCalculator.Console", "GeometricFiguresCalculator.Console\GeometricFiguresCalculator.Console.csproj", "{AB3FF24C-F3B8-4CD5-B331-268738C284EA}"
EndProject
Project("{9A19103F-16F7-4668-BE54-9A1E7A4F7556}") = "GeometricFiguresCalculator.Tests", "GeometricFiguresCalculator.Tests\GeometricFiguresCalculator.Tests.csproj", "{C79AAC3B-C1BA-4C01-9F5B-0D3A488A521C}"
EndProject
Project("{FAE04EC0-301F-11D3-BF4B-00C04F79EFBC}") = "GeometricFiguresCalculator.ExternalDllSample", "GeometricFiguresCalculator.ExternalDllSample\GeometricFiguresCalculator.ExternalDllSample.csproj", "{40820166-9853-4E3F-BCA8-80E4B7C2A2A2}"
EndProject
Global
	GlobalSection(SolutionConfigurationPlatforms) = preSolution
		Debug|Any CPU = Debug|Any CPU
		Release|Any CPU = Release|Any CPU
	EndGlobalSection
	GlobalSection(ProjectConfigurationPlatforms) = postSolution
		{144ECA60-029E-45EC-BCEF-26CE155AF2EE}.Debug|Any CPU.ActiveCfg = Debug|Any CPU
		{144ECA60-029E-45EC-BCEF-26CE155AF2EE}.Debug|Any CPU.Build.0 = Debug|Any CPU
		{144ECA60-029E-45EC-BCEF-26CE155AF2EE}.Release|Any CPU.ActiveCfg = Release|Any CPU
		{144ECA60-029E-45EC-BCEF-26CE155AF2EE}.Release|Any CPU.Build.0 = Release|Any CPU
		{AB3FF24C-F3B8-4CD5-B331-268738C284EA}.Debug|Any CPU.ActiveCfg = Debug|Any CPU
		{AB3FF24C-F3B8-4CD5-B331-268738C284EA}.Debug|Any CPU.Build.0 = Debug|Any CPU
		{AB3FF24C-F3B8-4CD5-B331-268738C284EA}.Release|Any CPU.ActiveCfg = Release|Any CPU
		{AB3FF24C-F3B8-4CD5-B331-268738C284EA}.Release|Any CPU.Build.0 = Release|Any CPU
		{C79AAC3B-C1BA-4C01-9F5B-0D3A488A521C}.Debug|Any CPU.ActiveCfg = Debug|Any CPU
		{C79AAC3B-C1BA-4C01-9F5B-0D3A488A521C}.Debug|Any CPU.Build.0 = Debug|Any CPU
		{C79AAC3B-C1BA-4C01-9F5B-0D3A488A521C}.Release|Any CPU.ActiveCfg = Release|Any CPU
		{C79AAC3B-C1BA-4C01-9F5B-0D3A488A521C}.Release|Any CPU.Build.0 = Release|Any CPU
		{40820166-9853-4E3F-BCA8-80E4B7C2A2A2}.Debug|Any CPU.ActiveCfg = Debug|Any CPU
		{40820166-9853-4E3F-BCA8-80E4B7C2A2A2}.Debug|Any CPU.Build.0 = Debug|Any CPU
		{40820166-9853-4E3F-BCA8-80E4B7C2A2A2}.Release|Any CPU.ActiveCfg = Release|Any CPU
		{40820166-9853-4E3F-BCA8-80E4B7C2A2A2}.Release|Any CPU.Build.0 = Release|Any CPU
	EndGlobalSection
	GlobalSection(SolutionProperties) = preSolution
		HideSolutionNode = FALSE
	EndGlobalSection
	GlobalSection(ExtensibilityGlobals) = postSolution
		SolutionGuid = {D7E1799F-8609-42D2-8CE9-6442F4CFBFD8}
	EndGlobalSection
EndGlobal
